
Microsoft Visual Studio Solution File, Format Version 12.00
# Visual Studio Version 16
VisualStudioVersion = 16.0.30804.86
MinimumVisualStudioVersion = 10.0.40219.1
Project("{9A19103F-16F7-4668-BE54-9A1E7A4F7556}") = "EmployeePayrol_MultiThread", "EmployeeAdo_TDD\EmployeePayrol_MultiThread.csproj", "{646C09FC-E022-4686-851C-83945570CD82}"
EndProject
Project("{9A19103F-16F7-4668-BE54-9A1E7A4F7556}") = "EmployeePayrollsTester", "EmployeePayrollsTester\EmployeePayrollsTester.csproj", "{C72483D3-6587-4353-B4CD-6CFA60C25B8D}"
EndProject
Project("{9A19103F-16F7-4668-BE54-9A1E7A4F7556}") = "EmployeePayroll_MultiThread", "EmployeeAdo_TDD\EmployeePayroll_MultiThread.csproj", "{BEBE5539-705F-460F-9FCE-DD9D1E860559}"
EndProject
Global
	GlobalSection(SolutionConfigurationPlatforms) = preSolution
		Debug|Any CPU = Debug|Any CPU
		Release|Any CPU = Release|Any CPU
	EndGlobalSection
	GlobalSection(ProjectConfigurationPlatforms) = postSolution
		{646C09FC-E022-4686-851C-83945570CD82}.Debug|Any CPU.ActiveCfg = Debug|Any CPU
		{646C09FC-E022-4686-851C-83945570CD82}.Debug|Any CPU.Build.0 = Debug|Any CPU
		{646C09FC-E022-4686-851C-83945570CD82}.Release|Any CPU.ActiveCfg = Release|Any CPU
		{646C09FC-E022-4686-851C-83945570CD82}.Release|Any CPU.Build.0 = Release|Any CPU
		{C72483D3-6587-4353-B4CD-6CFA60C25B8D}.Debug|Any CPU.ActiveCfg = Debug|Any CPU
		{C72483D3-6587-4353-B4CD-6CFA60C25B8D}.Debug|Any CPU.Build.0 = Debug|Any CPU
		{C72483D3-6587-4353-B4CD-6CFA60C25B8D}.Release|Any CPU.ActiveCfg = Release|Any CPU
		{C72483D3-6587-4353-B4CD-6CFA60C25B8D}.Release|Any CPU.Build.0 = Release|Any CPU
		{BEBE5539-705F-460F-9FCE-DD9D1E860559}.Debug|Any CPU.ActiveCfg = Debug|Any CPU
		{BEBE5539-705F-460F-9FCE-DD9D1E860559}.Debug|Any CPU.Build.0 = Debug|Any CPU
		{BEBE5539-705F-460F-9FCE-DD9D1E860559}.Release|Any CPU.ActiveCfg = Release|Any CPU
		{BEBE5539-705F-460F-9FCE-DD9D1E860559}.Release|Any CPU.Build.0 = Release|Any CPU
	EndGlobalSection
	GlobalSection(SolutionProperties) = preSolution
		HideSolutionNode = FALSE
	EndGlobalSection
	GlobalSection(ExtensibilityGlobals) = postSolution
		SolutionGuid = {7CFF508E-531C-4493-8B93-51E3EB6EB382}
	EndGlobalSection
EndGlobal
